{
  "nodes": {
    "flake-utils": {
      "locked": {
        "lastModified": 1659877975,
        "narHash": "sha256-zllb8aq3YO3h8B/U0/J1WBgAL8EX5yWf5pMj3G0NAmc=",
        "owner": "numtide",
        "repo": "flake-utils",
        "rev": "c0e246b9b83f637f4681389ecabcb2681b4f3af0",
        "type": "github"
      },
      "original": {
        "owner": "numtide",
        "repo": "flake-utils",
        "type": "github"
      }
    },
    "nix-filter": {
      "locked": {
        "lastModified": 1659352118,
        "narHash": "sha256-X/Tdlj/PYxcQg/1hcHXxdnDr5zLO22LohIudX+oT968=",
        "owner": "numtide",
        "repo": "nix-filter",
        "rev": "3e1fff9ec0112fe5ec61ea7cc6d37c1720d865f8",
        "type": "github"
      },
      "original": {
        "owner": "numtide",
        "repo": "nix-filter",
        "type": "github"
      }
    },
    "nixpkgs": {
      "locked": {
        "lastModified": 1660017629,
        "narHash": "sha256-Koz6/k7c6hx4qVz/bboxdR2QsBdkxjRWpNmsOWJtXZE=",
        "owner": "NixOS",
        "repo": "nixpkgs",
        "rev": "9f15d6c3a74d2778c6e1af67947c95f100dc6fd2",
        "type": "github"
      },
      "original": {
        "id": "nixpkgs",
        "type": "indirect"
      }
    },
    "root": {
      "inputs": {
        "flake-utils": "flake-utils",
        "nix-filter": "nix-filter",
        "nixpkgs": "nixpkgs"
      }
    }
  },
  "root": "root",
  "version": 7
}
